
Microsoft Visual Studio Solution File, Format Version 12.00
# Visual Studio Version 16
VisualStudioVersion = 16.0.30621.155
MinimumVisualStudioVersion = 10.0.40219.1
Project("{FAE04EC0-301F-11D3-BF4B-00C04F79EFBC}") = "SampleWebApp", "SampleWebApp.csproj", "{A8E15D29-536F-439E-B0F5-63418B9834A1}"
EndProject
Global
	GlobalSection(SolutionConfigurationPlatforms) = preSolution
		Debug|Any CPU = Debug|Any CPU
		Release|Any CPU = Release|Any CPU
	EndGlobalSection
	GlobalSection(ProjectConfigurationPlatforms) = postSolution
		{A8E15D29-536F-439E-B0F5-63418B9834A1}.Debug|Any CPU.ActiveCfg = Debug|Any CPU
		{A8E15D29-536F-439E-B0F5-63418B9834A1}.Debug|Any CPU.Build.0 = Debug|Any CPU
		{A8E15D29-536F-439E-B0F5-63418B9834A1}.Release|Any CPU.ActiveCfg = Release|Any CPU
		{A8E15D29-536F-439E-B0F5-63418B9834A1}.Release|Any CPU.Build.0 = Release|Any CPU
	EndGlobalSection
	GlobalSection(SolutionProperties) = preSolution
		HideSolutionNode = FALSE
	EndGlobalSection
	GlobalSection(ExtensibilityGlobals) = postSolution
		SolutionGuid = {5D4C639F-1508-482D-9AB2-BADF68E8182E}
	EndGlobalSection
EndGlobal
